// !$*UTF8*$!
{
	archiveVersion = 1;
	classes = {
	};
	objectVersion = 56;
	objects = {

/* Begin PBXBuildFile section */
		638DFF302C7F668800A571C1 /* Assets.xcassets in Resources */ = {isa = PBXBuildFile; fileRef = 638DFF2F2C7F668800A571C1 /* Assets.xcassets */; };
		638DFF332C7F668800A571C1 /* Preview Assets.xcassets in Resources */ = {isa = PBXBuildFile; fileRef = 638DFF322C7F668800A571C1 /* Preview Assets.xcassets */; };
		638DFF3F2C7F671D00A571C1 /* PokedexApp.swift in Sources */ = {isa = PBXBuildFile; fileRef = 638DFF3E2C7F671D00A571C1 /* PokedexApp.swift */; };
		638DFF412C7F678000A571C1 /* Pokemon.swift in Sources */ = {isa = PBXBuildFile; fileRef = 638DFF402C7F678000A571C1 /* Pokemon.swift */; };
		638DFF432C7F679400A571C1 /* Pokemon List.swift in Sources */ = {isa = PBXBuildFile; fileRef = 638DFF422C7F679400A571C1 /* Pokemon List.swift */; };
		638DFF452C7F67BD00A571C1 /* PokemonContentView.swift in Sources */ = {isa = PBXBuildFile; fileRef = 638DFF442C7F67BD00A571C1 /* PokemonContentView.swift */; };
		638DFF472C7F67CF00A571C1 /* PokemonGridView.swift in Sources */ = {isa = PBXBuildFile; fileRef = 638DFF462C7F67CF00A571C1 /* PokemonGridView.swift */; };
		638DFF492C7F67DA00A571C1 /* PokemonDetailView.swift in Sources */ = {isa = PBXBuildFile; fileRef = 638DFF482C7F67DA00A571C1 /* PokemonDetailView.swift */; };
		638DFF4B2C7F682C00A571C1 /* PokemonViewModel.swift in Sources */ = {isa = PBXBuildFile; fileRef = 638DFF4A2C7F682C00A571C1 /* PokemonViewModel.swift */; };
		638DFF4D2C7F683F00A571C1 /* PokemonDetailViewModel.swift in Sources */ = {isa = PBXBuildFile; fileRef = 638DFF4C2C7F683F00A571C1 /* PokemonDetailViewModel.swift */; };
		638DFF4F2C7F684C00A571C1 /* PokeAPIService.swift in Sources */ = {isa = PBXBuildFile; fileRef = 638DFF4E2C7F684C00A571C1 /* PokeAPIService.swift */; };
		639C79BA2C822C6A00469A99 /* ImageCache.swift in Sources */ = {isa = PBXBuildFile; fileRef = 639C79B92C822C6A00469A99 /* ImageCache.swift */; };
/* End PBXBuildFile section */

/* Begin PBXFileReference section */
		638DFF282C7F668700A571C1 /* PokedexApp.app */ = {isa = PBXFileReference; explicitFileType = wrapper.application; includeInIndex = 0; path = PokedexApp.app; sourceTree = BUILT_PRODUCTS_DIR; };
		638DFF2F2C7F668800A571C1 /* Assets.xcassets */ = {isa = PBXFileReference; lastKnownFileType = folder.assetcatalog; path = Assets.xcassets; sourceTree = "<group>"; };
		638DFF322C7F668800A571C1 /* Preview Assets.xcassets */ = {isa = PBXFileReference; lastKnownFileType = folder.assetcatalog; path = "Preview Assets.xcassets"; sourceTree = "<group>"; };
		638DFF3E2C7F671D00A571C1 /* PokedexApp.swift */ = {isa = PBXFileReference; lastKnownFileType = sourcecode.swift; path = PokedexApp.swift; sourceTree = "<group>"; };
		638DFF402C7F678000A571C1 /* Pokemon.swift */ = {isa = PBXFileReference; lastKnownFileType = sourcecode.swift; path = Pokemon.swift; sourceTree = "<group>"; };
		638DFF422C7F679400A571C1 /* Pokemon List.swift */ = {isa = PBXFileReference; lastKnownFileType = sourcecode.swift; path = "Pokemon List.swift"; sourceTree = "<group>"; };
		638DFF442C7F67BD00A571C1 /* PokemonContentView.swift */ = {isa = PBXFileReference; lastKnownFileType = sourcecode.swift; path = PokemonContentView.swift; sourceTree = "<group>"; };
		638DFF462C7F67CF00A571C1 /* PokemonGridView.swift */ = {isa = PBXFileReference; lastKnownFileType = sourcecode.swift; path = PokemonGridView.swift; sourceTree = "<group>"; };
		638DFF482C7F67DA00A571C1 /* PokemonDetailView.swift */ = {isa = PBXFileReference; lastKnownFileType = sourcecode.swift; path = PokemonDetailView.swift; sourceTree = "<group>"; };
		638DFF4A2C7F682C00A571C1 /* PokemonViewModel.swift */ = {isa = PBXFileReference; lastKnownFileType = sourcecode.swift; path = PokemonViewModel.swift; sourceTree = "<group>"; };
		638DFF4C2C7F683F00A571C1 /* PokemonDetailViewModel.swift */ = {isa = PBXFileReference; lastKnownFileType = sourcecode.swift; path = PokemonDetailViewModel.swift; sourceTree = "<group>"; };
		638DFF4E2C7F684C00A571C1 /* PokeAPIService.swift */ = {isa = PBXFileReference; lastKnownFileType = sourcecode.swift; path = PokeAPIService.swift; sourceTree = "<group>"; };
		639C79B92C822C6A00469A99 /* ImageCache.swift */ = {isa = PBXFileReference; lastKnownFileType = sourcecode.swift; path = ImageCache.swift; sourceTree = "<group>"; };
/* End PBXFileReference section */

/* Begin PBXFrameworksBuildPhase section */
		638DFF252C7F668700A571C1 /* Frameworks */ = {
			isa = PBXFrameworksBuildPhase;
			buildActionMask = 2147483647;
			files = (
			);
			runOnlyForDeploymentPostprocessing = 0;
		};
/* End PBXFrameworksBuildPhase section */

/* Begin PBXGroup section */
		638DFF1F2C7F668700A571C1 = {
			isa = PBXGroup;
			children = (
				638DFF2A2C7F668700A571C1 /* PokedexApp */,
				638DFF292C7F668700A571C1 /* Products */,
			);
			sourceTree = "<group>";
		};
		638DFF292C7F668700A571C1 /* Products */ = {
			isa = PBXGroup;
			children = (
				638DFF282C7F668700A571C1 /* PokedexApp.app */,
			);
			name = Products;
			sourceTree = "<group>";
		};
		638DFF2A2C7F668700A571C1 /* PokedexApp */ = {
			isa = PBXGroup;
			children = (
				638DFF392C7F66AB00A571C1 /* Models */,
				638DFF3A2C7F66B600A571C1 /* Views */,
				638DFF3B2C7F66BD00A571C1 /* ViewModels */,
				638DFF3C2C7F66C500A571C1 /* Services */,
				639C79B82C822C4900469A99 /* Utilities */,
				638DFF3D2C7F66CC00A571C1 /* Resources */,
				638DFF3E2C7F671D00A571C1 /* PokedexApp.swift */,
				638DFF312C7F668800A571C1 /* Preview Content */,
			);
			path = PokedexApp;
			sourceTree = "<group>";
		};
		638DFF312C7F668800A571C1 /* Preview Content */ = {
			isa = PBXGroup;
			children = (
				638DFF322C7F668800A571C1 /* Preview Assets.xcassets */,
			);
			path = "Preview Content";
			sourceTree = "<group>";
		};
		638DFF392C7F66AB00A571C1 /* Models */ = {
			isa = PBXGroup;
			children = (
				638DFF402C7F678000A571C1 /* Pokemon.swift */,
				638DFF422C7F679400A571C1 /* Pokemon List.swift */,
			);
			path = Models;
			sourceTree = "<group>";
		};
		638DFF3A2C7F66B600A571C1 /* Views */ = {
			isa = PBXGroup;
			children = (
				638DFF442C7F67BD00A571C1 /* PokemonContentView.swift */,
				638DFF462C7F67CF00A571C1 /* PokemonGridView.swift */,
				638DFF482C7F67DA00A571C1 /* PokemonDetailView.swift */,
			);
			path = Views;
			sourceTree = "<group>";
		};
		638DFF3B2C7F66BD00A571C1 /* ViewModels */ = {
			isa = PBXGroup;
			children = (
				638DFF4A2C7F682C00A571C1 /* PokemonViewModel.swift */,
				638DFF4C2C7F683F00A571C1 /* PokemonDetailViewModel.swift */,
			);
			path = ViewModels;
			sourceTree = "<group>";
		};
		638DFF3C2C7F66C500A571C1 /* Services */ = {
			isa = PBXGroup;
			children = (
				638DFF4E2C7F684C00A571C1 /* PokeAPIService.swift */,
			);
			path = Services;
			sourceTree = "<group>";
		};
		638DFF3D2C7F66CC00A571C1 /* Resources */ = {
			isa = PBXGroup;
			children = (
				638DFF2F2C7F668800A571C1 /* Assets.xcassets */,
			);
			path = Resources;
			sourceTree = "<group>";
		};
		639C79B82C822C4900469A99 /* Utilities */ = {
			isa = PBXGroup;
			children = (
				639C79B92C822C6A00469A99 /* ImageCache.swift */,
			);
			path = Utilities;
			sourceTree = "<group>";
		};
/* End PBXGroup section */

/* Begin PBXNativeTarget section */
		638DFF272C7F668700A571C1 /* PokedexApp */ = {
			isa = PBXNativeTarget;
			buildConfigurationList = 638DFF362C7F668800A571C1 /* Build configuration list for PBXNativeTarget "PokedexApp" */;
			buildPhases = (
				638DFF242C7F668700A571C1 /* Sources */,
				638DFF252C7F668700A571C1 /* Frameworks */,
				638DFF262C7F668700A571C1 /* Resources */,
			);
			buildRules = (
			);
			dependencies = (
			);
			name = PokedexApp;
			productName = PokedexApp;
			productReference = 638DFF282C7F668700A571C1 /* PokedexApp.app */;
			productType = "com.apple.product-type.application";
		};
/* End PBXNativeTarget section */

/* Begin PBXProject section */
		638DFF202C7F668700A571C1 /* Project object */ = {
			isa = PBXProject;
			attributes = {
				BuildIndependentTargetsInParallel = 1;
				LastSwiftUpdateCheck = 1520;
				LastUpgradeCheck = 1520;
				TargetAttributes = {
					638DFF272C7F668700A571C1 = {
						CreatedOnToolsVersion = 15.2;
						LastSwiftMigration = 1520;
					};
				};
			};
			buildConfigurationList = 638DFF232C7F668700A571C1 /* Build configuration list for PBXProject "PokedexApp" */;
			compatibilityVersion = "Xcode 14.0";
			developmentRegion = en;
			hasScannedForEncodings = 0;
			knownRegions = (
				en,
				Base,
			);
			mainGroup = 638DFF1F2C7F668700A571C1;
			productRefGroup = 638DFF292C7F668700A571C1 /* Products */;
			projectDirPath = "";
			projectRoot = "";
			targets = (
				638DFF272C7F668700A571C1 /* PokedexApp */,
			);
		};
/* End PBXProject section */

/* Begin PBXResourcesBuildPhase section */
		638DFF262C7F668700A571C1 /* Resources */ = {
			isa = PBXResourcesBuildPhase;
			buildActionMask = 2147483647;
			files = (
				638DFF332C7F668800A571C1 /* Preview Assets.xcassets in Resources */,
				638DFF302C7F668800A571C1 /* Assets.xcassets in Resources */,
			);
			runOnlyForDeploymentPostprocessing = 0;
		};
/* End PBXResourcesBuildPhase section */

/* Begin PBXSourcesBuildPhase section */
		638DFF242C7F668700A571C1 /* Sources */ = {
			isa = PBXSourcesBuildPhase;
			buildActionMask = 2147483647;
			files = (
				639C79BA2C822C6A00469A99 /* ImageCache.swift in Sources */,
				638DFF432C7F679400A571C1 /* Pokemon List.swift in Sources */,
				638DFF3F2C7F671D00A571C1 /* PokedexApp.swift in Sources */,
				638DFF452C7F67BD00A571C1 /* PokemonContentView.swift in Sources */,
				638DFF4B2C7F682C00A571C1 /* PokemonViewModel.swift in Sources */,
				638DFF472C7F67CF00A571C1 /* PokemonGridView.swift in Sources */,
				638DFF4F2C7F684C00A571C1 /* PokeAPIService.swift in Sources */,
				638DFF412C7F678000A571C1 /* Pokemon.swift in Sources */,
				638DFF492C7F67DA00A571C1 /* PokemonDetailView.swift in Sources */,
				638DFF4D2C7F683F00A571C1 /* PokemonDetailViewModel.swift in Sources */,
			);
			runOnlyForDeploymentPostprocessing = 0;
		};
/* End PBXSourcesBuildPhase section */

/* Begin XCBuildConfiguration section */
		638DFF342C7F668800A571C1 /* Debug */ = {
			isa = XCBuildConfiguration;
			buildSettings = {
				ALWAYS_SEARCH_USER_PATHS = NO;
				ASSETCATALOG_COMPILER_GENERATE_SWIFT_ASSET_SYMBOL_EXTENSIONS = YES;
				CLANG_ANALYZER_NONNULL = YES;
				CLANG_ANALYZER_NUMBER_OBJECT_CONVERSION = YES_AGGRESSIVE;
				CLANG_CXX_LANGUAGE_STANDARD = "gnu++20";
				CLANG_ENABLE_MODULES = YES;
				CLANG_ENABLE_OBJC_ARC = YES;
				CLANG_ENABLE_OBJC_WEAK = YES;
				CLANG_WARN_BLOCK_CAPTURE_AUTORELEASING = YES;
				CLANG_WARN_BOOL_CONVERSION = YES;
				CLANG_WARN_COMMA = YES;
				CLANG_WARN_CONSTANT_CONVERSION = YES;
				CLANG_WARN_DEPRECATED_OBJC_IMPLEMENTATIONS = YES;
				CLANG_WARN_DIRECT_OBJC_ISA_USAGE = YES_ERROR;
				CLANG_WARN_DOCUMENTATION_COMMENTS = YES;
				CLANG_WARN_EMPTY_BODY = YES;
				CLANG_WARN_ENUM_CONVERSION = YES;
				CLANG_WARN_INFINITE_RECURSION = YES;
				CLANG_WARN_INT_CONVERSION = YES;
				CLANG_WARN_NON_LITERAL_NULL_CONVERSION = YES;
				CLANG_WARN_OBJC_IMPLICIT_RETAIN_SELF = YES;
				CLANG_WARN_OBJC_LITERAL_CONVERSION = YES;
				CLANG_WARN_OBJC_ROOT_CLASS = YES_ERROR;
				CLANG_WARN_QUOTED_INCLUDE_IN_FRAMEWORK_HEADER = YES;
				CLANG_WARN_RANGE_LOOP_ANALYSIS = YES;
				CLANG_WARN_STRICT_PROTOTYPES = YES;
				CLANG_WARN_SUSPICIOUS_MOVE = YES;
				CLANG_WARN_UNGUARDED_AVAILABILITY = YES_AGGRESSIVE;
				CLANG_WARN_UNREACHABLE_CODE = YES;
				CLANG_WARN__DUPLICATE_METHOD_MATCH = YES;
				COPY_PHASE_STRIP = NO;
				DEBUG_INFORMATION_FORMAT = dwarf;
				ENABLE_STRICT_OBJC_MSGSEND = YES;
				ENABLE_TESTABILITY = YES;
				ENABLE_USER_SCRIPT_SANDBOXING = YES;
				GCC_C_LANGUAGE_STANDARD = gnu17;
				GCC_DYNAMIC_NO_PIC = NO;
				GCC_NO_COMMON_BLOCKS = YES;
				GCC_OPTIMIZATION_LEVEL = 0;
				GCC_PREPROCESSOR_DEFINITIONS = (
					"DEBUG=1",
					"$(inherited)",
				);
				GCC_WARN_64_TO_32_BIT_CONVERSION = YES;
				GCC_WARN_ABOUT_RETURN_TYPE = YES_ERROR;
				GCC_WARN_UNDECLARED_SELECTOR = YES;
				GCC_WARN_UNINITIALIZED_AUTOS = YES_AGGRESSIVE;
				GCC_WARN_UNUSED_FUNCTION = YES;
				GCC_WARN_UNUSED_VARIABLE = YES;
				IPHONEOS_DEPLOYMENT_TARGET = 17.2;
				LOCALIZATION_PREFERS_STRING_CATALOGS = YES;
				MTL_ENABLE_DEBUG_INFO = INCLUDE_SOURCE;
				MTL_FAST_MATH = YES;
				ONLY_ACTIVE_ARCH = YES;
				SDKROOT = iphoneos;
				SWIFT_ACTIVE_COMPILATION_CONDITIONS = "DEBUG $(inherited)";
				SWIFT_OPTIMIZATION_LEVEL = "-Onone";
			};
			name = Debug;
		};
		638DFF352C7F668800A571C1 /* Release */ = {
			isa = XCBuildConfiguration;
			buildSettings = {
				ALWAYS_SEARCH_USER_PATHS = NO;
				ASSETCATALOG_COMPILER_GENERATE_SWIFT_ASSET_SYMBOL_EXTENSIONS = YES;
				CLANG_ANALYZER_NONNULL = YES;
				CLANG_ANALYZER_NUMBER_OBJECT_CONVERSION = YES_AGGRESSIVE;
				CLANG_CXX_LANGUAGE_STANDARD = "gnu++20";
				CLANG_ENABLE_MODULES = YES;
				CLANG_ENABLE_OBJC_ARC = YES;
				CLANG_ENABLE_OBJC_WEAK = YES;
				CLANG_WARN_BLOCK_CAPTURE_AUTORELEASING = YES;
				CLANG_WARN_BOOL_CONVERSION = YES;
				CLANG_WARN_COMMA = YES;
				CLANG_WARN_CONSTANT_CONVERSION = YES;
				CLANG_WARN_DEPRECATED_OBJC_IMPLEMENTATIONS = YES;
				CLANG_WARN_DIRECT_OBJC_ISA_USAGE = YES_ERROR;
				CLANG_WARN_DOCUMENTATION_COMMENTS = YES;
				CLANG_WARN_EMPTY_BODY = YES;
				CLANG_WARN_ENUM_CONVERSION = YES;
				CLANG_WARN_INFINITE_RECURSION = YES;
				CLANG_WARN_INT_CONVERSION = YES;
				CLANG_WARN_NON_LITERAL_NULL_CONVERSION = YES;
				CLANG_WARN_OBJC_IMPLICIT_RETAIN_SELF = YES;
				CLANG_WARN_OBJC_LITERAL_CONVERSION = YES;
				CLANG_WARN_OBJC_ROOT_CLASS = YES_ERROR;
				CLANG_WARN_QUOTED_INCLUDE_IN_FRAMEWORK_HEADER = YES;
				CLANG_WARN_RANGE_LOOP_ANALYSIS = YES;
				CLANG_WARN_STRICT_PROTOTYPES = YES;
				CLANG_WARN_SUSPICIOUS_MOVE = YES;
				CLANG_WARN_UNGUARDED_AVAILABILITY = YES_AGGRESSIVE;
				CLANG_WARN_UNREACHABLE_CODE = YES;
				CLANG_WARN__DUPLICATE_METHOD_MATCH = YES;
				COPY_PHASE_STRIP = NO;
				DEBUG_INFORMATION_FORMAT = "dwarf-with-dsym";
				ENABLE_NS_ASSERTIONS = NO;
				ENABLE_STRICT_OBJC_MSGSEND = YES;
				ENABLE_USER_SCRIPT_SANDBOXING = YES;
				GCC_C_LANGUAGE_STANDARD = gnu17;
				GCC_NO_COMMON_BLOCKS = YES;
				GCC_WARN_64_TO_32_BIT_CONVERSION = YES;
				GCC_WARN_ABOUT_RETURN_TYPE = YES_ERROR;
				GCC_WARN_UNDECLARED_SELECTOR = YES;
				GCC_WARN_UNINITIALIZED_AUTOS = YES_AGGRESSIVE;
				GCC_WARN_UNUSED_FUNCTION = YES;
				GCC_WARN_UNUSED_VARIABLE = YES;
				IPHONEOS_DEPLOYMENT_TARGET = 17.2;
				LOCALIZATION_PREFERS_STRING_CATALOGS = YES;
				MTL_ENABLE_DEBUG_INFO = NO;
				MTL_FAST_MATH = YES;
				SDKROOT = iphoneos;
				SWIFT_COMPILATION_MODE = wholemodule;
				VALIDATE_PRODUCT = YES;
			};
			name = Release;
		};
		638DFF372C7F668800A571C1 /* Debug */ = {
			isa = XCBuildConfiguration;
			buildSettings = {
				ASSETCATALOG_COMPILER_APPICON_NAME = AppIcon;
				ASSETCATALOG_COMPILER_GLOBAL_ACCENT_COLOR_NAME = AccentColor;
				CLANG_ENABLE_MODULES = YES;
				CODE_SIGN_STYLE = Automatic;
				CURRENT_PROJECT_VERSION = 1;
				DEVELOPMENT_ASSET_PATHS = "\"PokedexApp/Preview Content\"";
				ENABLE_PREVIEWS = YES;
				GENERATE_INFOPLIST_FILE = YES;
				INFOPLIST_KEY_UIApplicationSceneManifest_Generation = YES;
				INFOPLIST_KEY_UIApplicationSupportsIndirectInputEvents = YES;
				INFOPLIST_KEY_UILaunchScreen_Generation = YES;
				INFOPLIST_KEY_UISupportedInterfaceOrientations_iPad = "UIInterfaceOrientationPortrait UIInterfaceOrientationPortraitUpsideDown UIInterfaceOrientationLandscapeLeft UIInterfaceOrientationLandscapeRight";
				INFOPLIST_KEY_UISupportedInterfaceOrientations_iPhone = "UIInterfaceOrientationPortrait UIInterfaceOrientationLandscapeLeft UIInterfaceOrientationLandscapeRight";
				LD_RUNPATH_SEARCH_PATHS = (
					"$(inherited)",
					"@executable_path/Frameworks",
				);
				MARKETING_VERSION = 1.0;
				PRODUCT_BUNDLE_IDENTIFIER = com.belle.PokedexApp;
				PRODUCT_NAME = "$(TARGET_NAME)";
				SWIFT_EMIT_LOC_STRINGS = YES;
				SWIFT_OPTIMIZATION_LEVEL = "-Onone";
				SWIFT_VERSION = 5.0;
				TARGETED_DEVICE_FAMILY = "1,2";
			};
			name = Debug;
		};
		638DFF382C7F668800A571C1 /* Release */ = {
			isa = XCBuildConfiguration;
			buildSettings = {
				ASSETCATALOG_COMPILER_APPICON_NAME = AppIcon;
				ASSETCATALOG_COMPILER_GLOBAL_ACCENT_COLOR_NAME = AccentColor;
				CLANG_ENABLE_MODULES = YES;
				CODE_SIGN_STYLE = Automatic;
				CURRENT_PROJECT_VERSION = 1;
				DEVELOPMENT_ASSET_PATHS = "\"PokedexApp/Preview Content\"";
				ENABLE_PREVIEWS = YES;
				GENERATE_INFOPLIST_FILE = YES;
				INFOPLIST_KEY_UIApplicationSceneManifest_Generation = YES;
				INFOPLIST_KEY_UIApplicationSupportsIndirectInputEvents = YES;
				INFOPLIST_KEY_UILaunchScreen_Generation = YES;
				INFOPLIST_KEY_UISupportedInterfaceOrientations_iPad = "UIInterfaceOrientationPortrait UIInterfaceOrientationPortraitUpsideDown UIInterfaceOrientationLandscapeLeft UIInterfaceOrientationLandscapeRight";
				INFOPLIST_KEY_UISupportedInterfaceOrientations_iPhone = "UIInterfaceOrientationPortrait UIInterfaceOrientationLandscapeLeft UIInterfaceOrientationLandscapeRight";
				LD_RUNPATH_SEARCH_PATHS = (
					"$(inherited)",
					"@executable_path/Frameworks",
				);
				MARKETING_VERSION = 1.0;
				PRODUCT_BUNDLE_IDENTIFIER = com.belle.PokedexApp;
				PRODUCT_NAME = "$(TARGET_NAME)";
				SWIFT_EMIT_LOC_STRINGS = YES;
				SWIFT_VERSION = 5.0;
				TARGETED_DEVICE_FAMILY = "1,2";
			};
			name = Release;
		};
/* End XCBuildConfiguration section */

/* Begin XCConfigurationList section */
		638DFF232C7F668700A571C1 /* Build configuration list for PBXProject "PokedexApp" */ = {
			isa = XCConfigurationList;
			buildConfigurations = (
				638DFF342C7F668800A571C1 /* Debug */,
				638DFF352C7F668800A571C1 /* Release */,
			);
			defaultConfigurationIsVisible = 0;
			defaultConfigurationName = Release;
		};
		638DFF362C7F668800A571C1 /* Build configuration list for PBXNativeTarget "PokedexApp" */ = {
			isa = XCConfigurationList;
			buildConfigurations = (
				638DFF372C7F668800A571C1 /* Debug */,
				638DFF382C7F668800A571C1 /* Release */,
			);
			defaultConfigurationIsVisible = 0;
			defaultConfigurationName = Release;
		};
/* End XCConfigurationList section */
	};
	rootObject = 638DFF202C7F668700A571C1 /* Project object */;
}
